
Microsoft Visual Studio Solution File, Format Version 12.00
# Visual Studio Version 17
VisualStudioVersion = 17.8.34601.278
MinimumVisualStudioVersion = 10.0.40219.1
Project("{2150E333-8FDC-42A3-9474-1A3956D46DE8}") = "Services", "Services", "{CF1BA644-5B72-4F69-B5B1-82932BEA1280}"
EndProject
Project("{2150E333-8FDC-42A3-9474-1A3956D46DE8}") = "Catalog", "Catalog", "{A0B60FC4-1B4A-4183-8AE1-EA6612F5AD57}"
EndProject
Project("{9A19103F-16F7-4668-BE54-9A1E7A4F7556}") = "Catalog.API", "Services\Catalog\Catalog.API\Catalog.API.csproj", "{1566D8F2-D9A8-4298-93BB-3F9F3F45EF83}"
EndProject
Project("{2150E333-8FDC-42A3-9474-1A3956D46DE8}") = "BuildingBlocks", "BuildingBlocks", "{8775B7EC-2EE1-4523-8E8A-D457D755755B}"
EndProject
Project("{9A19103F-16F7-4668-BE54-9A1E7A4F7556}") = "BuildingBlocks", "BuildingBlocks\BuildingBlocks\BuildingBlocks.csproj", "{F17E6258-D6FB-44A8-B737-C571589E17C4}"
EndProject
Project("{2150E333-8FDC-42A3-9474-1A3956D46DE8}") = "Shared", "Shared", "{87B16C75-7A7C-45BF-A092-321156CFFB67}"
EndProject
Project("{9A19103F-16F7-4668-BE54-9A1E7A4F7556}") = "Shared", "Services\Shared\Shared\Shared.csproj", "{5E31AC91-0B6F-4C7C-B7A8-37742EFC796B}"
EndProject
Project("{E53339B2-1760-4266-BCC7-CA923CBCF16C}") = "docker-compose", "docker-compose.dcproj", "{25A10C9B-7FDD-47B1-A129-2F8729DA9E4C}"
EndProject
Global
	GlobalSection(SolutionConfigurationPlatforms) = preSolution
		Debug|Any CPU = Debug|Any CPU
		Release|Any CPU = Release|Any CPU
	EndGlobalSection
	GlobalSection(ProjectConfigurationPlatforms) = postSolution
		{1566D8F2-D9A8-4298-93BB-3F9F3F45EF83}.Debug|Any CPU.ActiveCfg = Debug|Any CPU
		{1566D8F2-D9A8-4298-93BB-3F9F3F45EF83}.Debug|Any CPU.Build.0 = Debug|Any CPU
		{1566D8F2-D9A8-4298-93BB-3F9F3F45EF83}.Release|Any CPU.ActiveCfg = Release|Any CPU
		{1566D8F2-D9A8-4298-93BB-3F9F3F45EF83}.Release|Any CPU.Build.0 = Release|Any CPU
		{F17E6258-D6FB-44A8-B737-C571589E17C4}.Debug|Any CPU.ActiveCfg = Debug|Any CPU
		{F17E6258-D6FB-44A8-B737-C571589E17C4}.Debug|Any CPU.Build.0 = Debug|Any CPU
		{F17E6258-D6FB-44A8-B737-C571589E17C4}.Release|Any CPU.ActiveCfg = Release|Any CPU
		{F17E6258-D6FB-44A8-B737-C571589E17C4}.Release|Any CPU.Build.0 = Release|Any CPU
		{5E31AC91-0B6F-4C7C-B7A8-37742EFC796B}.Debug|Any CPU.ActiveCfg = Debug|Any CPU
		{5E31AC91-0B6F-4C7C-B7A8-37742EFC796B}.Debug|Any CPU.Build.0 = Debug|Any CPU
		{5E31AC91-0B6F-4C7C-B7A8-37742EFC796B}.Release|Any CPU.ActiveCfg = Release|Any CPU
		{5E31AC91-0B6F-4C7C-B7A8-37742EFC796B}.Release|Any CPU.Build.0 = Release|Any CPU
		{25A10C9B-7FDD-47B1-A129-2F8729DA9E4C}.Debug|Any CPU.ActiveCfg = Debug|Any CPU
		{25A10C9B-7FDD-47B1-A129-2F8729DA9E4C}.Debug|Any CPU.Build.0 = Debug|Any CPU
		{25A10C9B-7FDD-47B1-A129-2F8729DA9E4C}.Release|Any CPU.ActiveCfg = Release|Any CPU
		{25A10C9B-7FDD-47B1-A129-2F8729DA9E4C}.Release|Any CPU.Build.0 = Release|Any CPU
	EndGlobalSection
	GlobalSection(SolutionProperties) = preSolution
		HideSolutionNode = FALSE
	EndGlobalSection
	GlobalSection(NestedProjects) = preSolution
		{A0B60FC4-1B4A-4183-8AE1-EA6612F5AD57} = {CF1BA644-5B72-4F69-B5B1-82932BEA1280}
		{1566D8F2-D9A8-4298-93BB-3F9F3F45EF83} = {A0B60FC4-1B4A-4183-8AE1-EA6612F5AD57}
		{F17E6258-D6FB-44A8-B737-C571589E17C4} = {8775B7EC-2EE1-4523-8E8A-D457D755755B}
		{87B16C75-7A7C-45BF-A092-321156CFFB67} = {CF1BA644-5B72-4F69-B5B1-82932BEA1280}
		{5E31AC91-0B6F-4C7C-B7A8-37742EFC796B} = {87B16C75-7A7C-45BF-A092-321156CFFB67}
	EndGlobalSection
	GlobalSection(ExtensibilityGlobals) = postSolution
		SolutionGuid = {3C1BCEFB-151E-454E-AF5A-C5F5BDD7DB79}
	EndGlobalSection
EndGlobal
